
Microsoft Visual Studio Solution File, Format Version 12.00
# Visual Studio Version 17
VisualStudioVersion = 17.6.33829.357
MinimumVisualStudioVersion = 10.0.40219.1
Project("{FAE04EC0-301F-11D3-BF4B-00C04F79EFBC}") = "WfaProjetoFinal", "WfaProjetoFinal.csproj", "{F4F98E8D-0BAF-45E7-B01E-ED51DE362A25}"
EndProject
Global
	GlobalSection(SolutionConfigurationPlatforms) = preSolution
		Debug|Any CPU = Debug|Any CPU
		Release|Any CPU = Release|Any CPU
	EndGlobalSection
	GlobalSection(ProjectConfigurationPlatforms) = postSolution
		{F4F98E8D-0BAF-45E7-B01E-ED51DE362A25}.Debug|Any CPU.ActiveCfg = Debug|Any CPU
		{F4F98E8D-0BAF-45E7-B01E-ED51DE362A25}.Debug|Any CPU.Build.0 = Debug|Any CPU
		{F4F98E8D-0BAF-45E7-B01E-ED51DE362A25}.Release|Any CPU.ActiveCfg = Release|Any CPU
		{F4F98E8D-0BAF-45E7-B01E-ED51DE362A25}.Release|Any CPU.Build.0 = Release|Any CPU
	EndGlobalSection
	GlobalSection(SolutionProperties) = preSolution
		HideSolutionNode = FALSE
	EndGlobalSection
	GlobalSection(ExtensibilityGlobals) = postSolution
		SolutionGuid = {F7A81689-DCEC-4345-9469-46243DE8DF68}
	EndGlobalSection
EndGlobal
